<Solution>
  <Project Path="src/Wmf2Svg/Wmf2Svg.csproj" />
  <Folder Name="/Files/">
    <File Path=".editorconfig" />
    <File Path=".github/workflows/build.yml" />
    <File Path=".github/workflows/publish.yml" />
    <File Path=".gitignore" />
    <File Path="Directory.Build.props" />
    <File Path="LICENSE" />
    <File Path="README.md" />
  </Folder>
  <Project Path="src/Wmf2Svg.Tests/Wmf2Svg.Tests.csproj" />

</Solution>
